
Microsoft Visual Studio Solution File, Format Version 12.00
Project("{FAE04EC0-301F-11D3-BF4B-00C04F79EFBC}") = "GreeterPlugin", "GreeterPlugin\GreeterPlugin.csproj", "{6AC94C5D-E118-48A4-ACB8-6E5B9FED4D42}"
EndProject
Global
	GlobalSection(SolutionConfigurationPlatforms) = preSolution
		Debug|Any CPU = Debug|Any CPU
		Release|Any CPU = Release|Any CPU
	EndGlobalSection
	GlobalSection(ProjectConfigurationPlatforms) = postSolution
		{6AC94C5D-E118-48A4-ACB8-6E5B9FED4D42}.Debug|Any CPU.ActiveCfg = Debug|Any CPU
		{6AC94C5D-E118-48A4-ACB8-6E5B9FED4D42}.Debug|Any CPU.Build.0 = Debug|Any CPU
		{6AC94C5D-E118-48A4-ACB8-6E5B9FED4D42}.Release|Any CPU.ActiveCfg = Release|Any CPU
		{6AC94C5D-E118-48A4-ACB8-6E5B9FED4D42}.Release|Any CPU.Build.0 = Release|Any CPU
	EndGlobalSection
EndGlobal
